
Microsoft Visual Studio Solution File, Format Version 12.00
# Visual Studio Version 17
VisualStudioVersion = 17.2.32630.192
MinimumVisualStudioVersion = 10.0.40219.1
Project("{9A19103F-16F7-4668-BE54-9A1E7A4F7556}") = "ScooterRentalAPI", "ScooterRentalAPI\ScooterRentalAPI.csproj", "{DDE643CE-F010-48B6-86CE-28939B007565}"
EndProject
Project("{9A19103F-16F7-4668-BE54-9A1E7A4F7556}") = "ScooterRental.Tests", "TestProject1\ScooterRental.Tests.csproj", "{280CC6B8-8017-4402-B733-224D9DD4C081}"
EndProject
Global
	GlobalSection(SolutionConfigurationPlatforms) = preSolution
		Debug|Any CPU = Debug|Any CPU
		Release|Any CPU = Release|Any CPU
	EndGlobalSection
	GlobalSection(ProjectConfigurationPlatforms) = postSolution
		{DDE643CE-F010-48B6-86CE-28939B007565}.Debug|Any CPU.ActiveCfg = Debug|Any CPU
		{DDE643CE-F010-48B6-86CE-28939B007565}.Debug|Any CPU.Build.0 = Debug|Any CPU
		{DDE643CE-F010-48B6-86CE-28939B007565}.Release|Any CPU.ActiveCfg = Release|Any CPU
		{DDE643CE-F010-48B6-86CE-28939B007565}.Release|Any CPU.Build.0 = Release|Any CPU
		{280CC6B8-8017-4402-B733-224D9DD4C081}.Debug|Any CPU.ActiveCfg = Debug|Any CPU
		{280CC6B8-8017-4402-B733-224D9DD4C081}.Debug|Any CPU.Build.0 = Debug|Any CPU
		{280CC6B8-8017-4402-B733-224D9DD4C081}.Release|Any CPU.ActiveCfg = Release|Any CPU
		{280CC6B8-8017-4402-B733-224D9DD4C081}.Release|Any CPU.Build.0 = Release|Any CPU
	EndGlobalSection
	GlobalSection(SolutionProperties) = preSolution
		HideSolutionNode = FALSE
	EndGlobalSection
	GlobalSection(ExtensibilityGlobals) = postSolution
		SolutionGuid = {DDD8267E-BF02-48E2-AB19-2E6BB2A0B4E1}
	EndGlobalSection
EndGlobal
